<Solution>
  <Project Path="Shared/Shared.csproj" />
  <Project Path="DataAccess/DataAccess.csproj" />
  <Project Path="BusinessLogic/BusinessLogic.csproj" />
  <Project Path="API/API.csproj" />
  <Project Path="Tests/UnitTests/UnitTests.csproj" />
  <Project Path="Tests/IntegrationTests/IntegrationTests.csproj" />
</Solution>
